
Microsoft Visual Studio Solution File, Format Version 12.00
# Visual Studio Version 17
VisualStudioVersion = 17.13.35825.156
MinimumVisualStudioVersion = 10.0.40219.1
Project("{FAE04EC0-301F-11D3-BF4B-00C04F79EFBC}") = "boomerio", "boomerio\boomerio.csproj", "{A369FC29-72F8-401E-9C37-BAE2F35FDAA3}"
EndProject
Project("{FAE04EC0-301F-11D3-BF4B-00C04F79EFBC}") = "boomerio.Tests", "boomerio.Tests\boomerio.Tests.csproj", "{081FD4F1-3E7E-407A-B6E7-0FC78C75008C}"
EndProject
Global
	GlobalSection(SolutionConfigurationPlatforms) = preSolution
		Debug|Any CPU = Debug|Any CPU
		Release|Any CPU = Release|Any CPU
	EndGlobalSection
	GlobalSection(ProjectConfigurationPlatforms) = postSolution
		{A369FC29-72F8-401E-9C37-BAE2F35FDAA3}.Debug|Any CPU.ActiveCfg = Debug|Any CPU
		{A369FC29-72F8-401E-9C37-BAE2F35FDAA3}.Debug|Any CPU.Build.0 = Debug|Any CPU
		{A369FC29-72F8-401E-9C37-BAE2F35FDAA3}.Release|Any CPU.ActiveCfg = Release|Any CPU
		{A369FC29-72F8-401E-9C37-BAE2F35FDAA3}.Release|Any CPU.Build.0 = Release|Any CPU
		{081FD4F1-3E7E-407A-B6E7-0FC78C75008C}.Debug|Any CPU.ActiveCfg = Debug|Any CPU
		{081FD4F1-3E7E-407A-B6E7-0FC78C75008C}.Debug|Any CPU.Build.0 = Debug|Any CPU
		{081FD4F1-3E7E-407A-B6E7-0FC78C75008C}.Release|Any CPU.ActiveCfg = Release|Any CPU
		{081FD4F1-3E7E-407A-B6E7-0FC78C75008C}.Release|Any CPU.Build.0 = Release|Any CPU
	EndGlobalSection
	GlobalSection(SolutionProperties) = preSolution
		HideSolutionNode = FALSE
	EndGlobalSection
	GlobalSection(ExtensibilityGlobals) = postSolution
		SolutionGuid = {B1C1E84B-0E98-4F70-A2A3-021B11306FD8}
	EndGlobalSection
EndGlobal
